// !$*UTF8*$!
{
	archiveVersion = 1;
	classes = {
	};
	objectVersion = 46;
	objects = {

/* Begin PBXBuildFile section */
		ADCEDE0F197C7687002D6B51 /* Foundation.framework in Frameworks */ = {isa = PBXBuildFile; fileRef = ADCEDE0E197C7687002D6B51 /* Foundation.framework */; };
		ADCEDE11197C7687002D6B51 /* CoreGraphics.framework in Frameworks */ = {isa = PBXBuildFile; fileRef = ADCEDE10197C7687002D6B51 /* CoreGraphics.framework */; };
		ADCEDE13197C7687002D6B51 /* UIKit.framework in Frameworks */ = {isa = PBXBuildFile; fileRef = ADCEDE12197C7687002D6B51 /* UIKit.framework */; };
		ADCEDE19197C7687002D6B51 /* InfoPlist.strings in Resources */ = {isa = PBXBuildFile; fileRef = ADCEDE17197C7687002D6B51 /* InfoPlist.strings */; };
		ADCEDE1B197C7687002D6B51 /* main.m in Sources */ = {isa = PBXBuildFile; fileRef = ADCEDE1A197C7687002D6B51 /* main.m */; };
		ADCEDE1F197C7687002D6B51 /* AppDelegate.m in Sources */ = {isa = PBXBuildFile; fileRef = ADCEDE1E197C7687002D6B51 /* AppDelegate.m */; };
		ADCEDE22197C7687002D6B51 /* Main.storyboard in Resources */ = {isa = PBXBuildFile; fileRef = ADCEDE20197C7687002D6B51 /* Main.storyboard */; };
		ADCEDE25197C7687002D6B51 /* ViewController.m in Sources */ = {isa = PBXBuildFile; fileRef = ADCEDE24197C7687002D6B51 /* ViewController.m */; };
		ADCEDE27197C7687002D6B51 /* Images.xcassets in Resources */ = {isa = PBXBuildFile; fileRef = ADCEDE26197C7687002D6B51 /* Images.xcassets */; };
		ADCEDE2E197C7687002D6B51 /* XCTest.framework in Frameworks */ = {isa = PBXBuildFile; fileRef = ADCEDE2D197C7687002D6B51 /* XCTest.framework */; };
		ADCEDE2F197C7687002D6B51 /* Foundation.framework in Frameworks */ = {isa = PBXBuildFile; fileRef = ADCEDE0E197C7687002D6B51 /* Foundation.framework */; };
		ADCEDE30197C7687002D6B51 /* UIKit.framework in Frameworks */ = {isa = PBXBuildFile; fileRef = ADCEDE12197C7687002D6B51 /* UIKit.framework */; };
		ADCEDE38197C7687002D6B51 /* InfoPlist.strings in Resources */ = {isa = PBXBuildFile; fileRef = ADCEDE36197C7687002D6B51 /* InfoPlist.strings */; };
		ADCEDE3A197C7687002D6B51 /* GSOTests.m in Sources */ = {isa = PBXBuildFile; fileRef = ADCEDE39197C7687002D6B51 /* GSOTests.m */; };
		ADCEDE45197C78BF002D6B51 /* ViewGlobales.m in Sources */ = {isa = PBXBuildFile; fileRef = ADCEDE44197C78BF002D6B51 /* ViewGlobales.m */; };
		ADCEDE48197C78E6002D6B51 /* ViewSingleton.m in Sources */ = {isa = PBXBuildFile; fileRef = ADCEDE47197C78E6002D6B51 /* ViewSingleton.m */; };
		ADCEDE4B197C78FF002D6B51 /* ViewObjectData.m in Sources */ = {isa = PBXBuildFile; fileRef = ADCEDE4A197C78FF002D6B51 /* ViewObjectData.m */; };
		ADCEDE4E197C7A0E002D6B51 /* ctrl_regreso.m in Sources */ = {isa = PBXBuildFile; fileRef = ADCEDE4D197C7A0E002D6B51 /* ctrl_regreso.m */; };
		ADCEDE51197C952C002D6B51 /* ObjectData.m in Sources */ = {isa = PBXBuildFile; fileRef = ADCEDE50197C952C002D6B51 /* ObjectData.m */; };
		ADCEDE54197C9742002D6B51 /* Singlenton.m in Sources */ = {isa = PBXBuildFile; fileRef = ADCEDE53197C9742002D6B51 /* Singlenton.m */; };
/* End PBXBuildFile section */

/* Begin PBXContainerItemProxy section */
		ADCEDE31197C7687002D6B51 /* PBXContainerItemProxy */ = {
			isa = PBXContainerItemProxy;
			containerPortal = ADCEDE03197C7686002D6B51 /* Project object */;
			proxyType = 1;
			remoteGlobalIDString = ADCEDE0A197C7687002D6B51;
			remoteInfo = GSO;
		};
/* End PBXContainerItemProxy section */

/* Begin PBXFileReference section */
		ADCEDE0B197C7687002D6B51 /* GSO.app */ = {isa = PBXFileReference; explicitFileType = wrapper.application; includeInIndex = 0; path = GSO.app; sourceTree = BUILT_PRODUCTS_DIR; };
		ADCEDE0E197C7687002D6B51 /* Foundation.framework */ = {isa = PBXFileReference; lastKnownFileType = wrapper.framework; name = Foundation.framework; path = System/Library/Frameworks/Foundation.framework; sourceTree = SDKROOT; };
		ADCEDE10197C7687002D6B51 /* CoreGraphics.framework */ = {isa = PBXFileReference; lastKnownFileType = wrapper.framework; name = CoreGraphics.framework; path = System/Library/Frameworks/CoreGraphics.framework; sourceTree = SDKROOT; };
		ADCEDE12197C7687002D6B51 /* UIKit.framework */ = {isa = PBXFileReference; lastKnownFileType = wrapper.framework; name = UIKit.framework; path = System/Library/Frameworks/UIKit.framework; sourceTree = SDKROOT; };
		ADCEDE16197C7687002D6B51 /* GSO-Info.plist */ = {isa = PBXFileReference; lastKnownFileType = text.plist.xml; path = "GSO-Info.plist"; sourceTree = "<group>"; };
		ADCEDE18197C7687002D6B51 /* en */ = {isa = PBXFileReference; lastKnownFileType = text.plist.strings; name = en; path = en.lproj/InfoPlist.strings; sourceTree = "<group>"; };
		ADCEDE1A197C7687002D6B51 /* main.m */ = {isa = PBXFileReference; lastKnownFileType = sourcecode.c.objc; path = main.m; sourceTree = "<group>"; };
		ADCEDE1C197C7687002D6B51 /* GSO-Prefix.pch */ = {isa = PBXFileReference; lastKnownFileType = sourcecode.c.h; path = "GSO-Prefix.pch"; sourceTree = "<group>"; };
		ADCEDE1D197C7687002D6B51 /* AppDelegate.h */ = {isa = PBXFileReference; lastKnownFileType = sourcecode.c.h; path = AppDelegate.h; sourceTree = "<group>"; };
		ADCEDE1E197C7687002D6B51 /* AppDelegate.m */ = {isa = PBXFileReference; lastKnownFileType = sourcecode.c.objc; path = AppDelegate.m; sourceTree = "<group>"; };
		ADCEDE21197C7687002D6B51 /* Base */ = {isa = PBXFileReference; lastKnownFileType = file.storyboard; name = Base; path = Base.lproj/Main.storyboard; sourceTree = "<group>"; };
		ADCEDE23197C7687002D6B51 /* ViewController.h */ = {isa = PBXFileReference; lastKnownFileType = sourcecode.c.h; path = ViewController.h; sourceTree = "<group>"; };
		ADCEDE24197C7687002D6B51 /* ViewController.m */ = {isa = PBXFileReference; lastKnownFileType = sourcecode.c.objc; path = ViewController.m; sourceTree = "<group>"; };
		ADCEDE26197C7687002D6B51 /* Images.xcassets */ = {isa = PBXFileReference; lastKnownFileType = folder.assetcatalog; path = Images.xcassets; sourceTree = "<group>"; };
		ADCEDE2C197C7687002D6B51 /* GSOTests.xctest */ = {isa = PBXFileReference; explicitFileType = wrapper.cfbundle; includeInIndex = 0; path = GSOTests.xctest; sourceTree = BUILT_PRODUCTS_DIR; };
		ADCEDE2D197C7687002D6B51 /* XCTest.framework */ = {isa = PBXFileReference; lastKnownFileType = wrapper.framework; name = XCTest.framework; path = Library/Frameworks/XCTest.framework; sourceTree = DEVELOPER_DIR; };
		ADCEDE35197C7687002D6B51 /* GSOTests-Info.plist */ = {isa = PBXFileReference; lastKnownFileType = text.plist.xml; path = "GSOTests-Info.plist"; sourceTree = "<group>"; };
		ADCEDE37197C7687002D6B51 /* en */ = {isa = PBXFileReference; lastKnownFileType = text.plist.strings; name = en; path = en.lproj/InfoPlist.strings; sourceTree = "<group>"; };
		ADCEDE39197C7687002D6B51 /* GSOTests.m */ = {isa = PBXFileReference; lastKnownFileType = sourcecode.c.objc; path = GSOTests.m; sourceTree = "<group>"; };
		ADCEDE43197C78BF002D6B51 /* ViewGlobales.h */ = {isa = PBXFileReference; fileEncoding = 4; lastKnownFileType = sourcecode.c.h; path = ViewGlobales.h; sourceTree = "<group>"; };
		ADCEDE44197C78BF002D6B51 /* ViewGlobales.m */ = {isa = PBXFileReference; fileEncoding = 4; lastKnownFileType = sourcecode.c.objc; path = ViewGlobales.m; sourceTree = "<group>"; };
		ADCEDE46197C78E5002D6B51 /* ViewSingleton.h */ = {isa = PBXFileReference; fileEncoding = 4; lastKnownFileType = sourcecode.c.h; path = ViewSingleton.h; sourceTree = "<group>"; };
		ADCEDE47197C78E6002D6B51 /* ViewSingleton.m */ = {isa = PBXFileReference; fileEncoding = 4; lastKnownFileType = sourcecode.c.objc; path = ViewSingleton.m; sourceTree = "<group>"; };
		ADCEDE49197C78FF002D6B51 /* ViewObjectData.h */ = {isa = PBXFileReference; fileEncoding = 4; lastKnownFileType = sourcecode.c.h; path = ViewObjectData.h; sourceTree = "<group>"; };
		ADCEDE4A197C78FF002D6B51 /* ViewObjectData.m */ = {isa = PBXFileReference; fileEncoding = 4; lastKnownFileType = sourcecode.c.objc; path = ViewObjectData.m; sourceTree = "<group>"; };
		ADCEDE4C197C7A0E002D6B51 /* ctrl_regreso.h */ = {isa = PBXFileReference; fileEncoding = 4; lastKnownFileType = sourcecode.c.h; path = ctrl_regreso.h; sourceTree = "<group>"; };
		ADCEDE4D197C7A0E002D6B51 /* ctrl_regreso.m */ = {isa = PBXFileReference; fileEncoding = 4; lastKnownFileType = sourcecode.c.objc; path = ctrl_regreso.m; sourceTree = "<group>"; };
		ADCEDE4F197C952C002D6B51 /* ObjectData.h */ = {isa = PBXFileReference; fileEncoding = 4; lastKnownFileType = sourcecode.c.h; path = ObjectData.h; sourceTree = "<group>"; };
		ADCEDE50197C952C002D6B51 /* ObjectData.m */ = {isa = PBXFileReference; fileEncoding = 4; lastKnownFileType = sourcecode.c.objc; path = ObjectData.m; sourceTree = "<group>"; };
		ADCEDE52197C9742002D6B51 /* Singlenton.h */ = {isa = PBXFileReference; fileEncoding = 4; lastKnownFileType = sourcecode.c.h; path = Singlenton.h; sourceTree = "<group>"; };
		ADCEDE53197C9742002D6B51 /* Singlenton.m */ = {isa = PBXFileReference; fileEncoding = 4; lastKnownFileType = sourcecode.c.objc; path = Singlenton.m; sourceTree = "<group>"; };
/* End PBXFileReference section */

/* Begin PBXFrameworksBuildPhase section */
		ADCEDE08197C7687002D6B51 /* Frameworks */ = {
			isa = PBXFrameworksBuildPhase;
			buildActionMask = 2147483647;
			files = (
				ADCEDE11197C7687002D6B51 /* CoreGraphics.framework in Frameworks */,
				ADCEDE13197C7687002D6B51 /* UIKit.framework in Frameworks */,
				ADCEDE0F197C7687002D6B51 /* Foundation.framework in Frameworks */,
			);
			runOnlyForDeploymentPostprocessing = 0;
		};
		ADCEDE29197C7687002D6B51 /* Frameworks */ = {
			isa = PBXFrameworksBuildPhase;
			buildActionMask = 2147483647;
			files = (
				ADCEDE2E197C7687002D6B51 /* XCTest.framework in Frameworks */,
				ADCEDE30197C7687002D6B51 /* UIKit.framework in Frameworks */,
				ADCEDE2F197C7687002D6B51 /* Foundation.framework in Frameworks */,
			);
			runOnlyForDeploymentPostprocessing = 0;
		};
/* End PBXFrameworksBuildPhase section */

/* Begin PBXGroup section */
		ADCEDE02197C7686002D6B51 = {
			isa = PBXGroup;
			children = (
				ADCEDE14197C7687002D6B51 /* GSO */,
				ADCEDE33197C7687002D6B51 /* GSOTests */,
				ADCEDE0D197C7687002D6B51 /* Frameworks */,
				ADCEDE0C197C7687002D6B51 /* Products */,
			);
			sourceTree = "<group>";
		};
		ADCEDE0C197C7687002D6B51 /* Products */ = {
			isa = PBXGroup;
			children = (
				ADCEDE0B197C7687002D6B51 /* GSO.app */,
				ADCEDE2C197C7687002D6B51 /* GSOTests.xctest */,
			);
			name = Products;
			sourceTree = "<group>";
		};
		ADCEDE0D197C7687002D6B51 /* Frameworks */ = {
			isa = PBXGroup;
			children = (
				ADCEDE0E197C7687002D6B51 /* Foundation.framework */,
				ADCEDE10197C7687002D6B51 /* CoreGraphics.framework */,
				ADCEDE12197C7687002D6B51 /* UIKit.framework */,
				ADCEDE2D197C7687002D6B51 /* XCTest.framework */,
			);
			name = Frameworks;
			sourceTree = "<group>";
		};
		ADCEDE14197C7687002D6B51 /* GSO */ = {
			isa = PBXGroup;
			children = (
				ADCEDE1D197C7687002D6B51 /* AppDelegate.h */,
				ADCEDE1E197C7687002D6B51 /* AppDelegate.m */,
				ADCEDE20197C7687002D6B51 /* Main.storyboard */,
				ADCEDE4C197C7A0E002D6B51 /* ctrl_regreso.h */,
				ADCEDE4D197C7A0E002D6B51 /* ctrl_regreso.m */,
				ADCEDE23197C7687002D6B51 /* ViewController.h */,
				ADCEDE24197C7687002D6B51 /* ViewController.m */,
				ADCEDE4F197C952C002D6B51 /* ObjectData.h */,
				ADCEDE50197C952C002D6B51 /* ObjectData.m */,
				ADCEDE52197C9742002D6B51 /* Singlenton.h */,
				ADCEDE53197C9742002D6B51 /* Singlenton.m */,
				ADCEDE26197C7687002D6B51 /* Images.xcassets */,
				ADCEDE15197C7687002D6B51 /* Supporting Files */,
				ADCEDE43197C78BF002D6B51 /* ViewGlobales.h */,
				ADCEDE44197C78BF002D6B51 /* ViewGlobales.m */,
				ADCEDE46197C78E5002D6B51 /* ViewSingleton.h */,
				ADCEDE47197C78E6002D6B51 /* ViewSingleton.m */,
				ADCEDE49197C78FF002D6B51 /* ViewObjectData.h */,
				ADCEDE4A197C78FF002D6B51 /* ViewObjectData.m */,
			);
			path = GSO;
			sourceTree = "<group>";
		};
		ADCEDE15197C7687002D6B51 /* Supporting Files */ = {
			isa = PBXGroup;
			children = (
				ADCEDE16197C7687002D6B51 /* GSO-Info.plist */,
				ADCEDE17197C7687002D6B51 /* InfoPlist.strings */,
				ADCEDE1A197C7687002D6B51 /* main.m */,
				ADCEDE1C197C7687002D6B51 /* GSO-Prefix.pch */,
			);
			name = "Supporting Files";
			sourceTree = "<group>";
		};
		ADCEDE33197C7687002D6B51 /* GSOTests */ = {
			isa = PBXGroup;
			children = (
				ADCEDE39197C7687002D6B51 /* GSOTests.m */,
				ADCEDE34197C7687002D6B51 /* Supporting Files */,
			);
			path = GSOTests;
			sourceTree = "<group>";
		};
		ADCEDE34197C7687002D6B51 /* Supporting Files */ = {
			isa = PBXGroup;
			children = (
				ADCEDE35197C7687002D6B51 /* GSOTests-Info.plist */,
				ADCEDE36197C7687002D6B51 /* InfoPlist.strings */,
			);
			name = "Supporting Files";
			sourceTree = "<group>";
		};
/* End PBXGroup section */

/* Begin PBXNativeTarget section */
		ADCEDE0A197C7687002D6B51 /* GSO */ = {
			isa = PBXNativeTarget;
			buildConfigurationList = ADCEDE3D197C7687002D6B51 /* Build configuration list for PBXNativeTarget "GSO" */;
			buildPhases = (
				ADCEDE07197C7687002D6B51 /* Sources */,
				ADCEDE08197C7687002D6B51 /* Frameworks */,
				ADCEDE09197C7687002D6B51 /* Resources */,
			);
			buildRules = (
			);
			dependencies = (
			);
			name = GSO;
			productName = GSO;
			productReference = ADCEDE0B197C7687002D6B51 /* GSO.app */;
			productType = "com.apple.product-type.application";
		};
		ADCEDE2B197C7687002D6B51 /* GSOTests */ = {
			isa = PBXNativeTarget;
			buildConfigurationList = ADCEDE40197C7687002D6B51 /* Build configuration list for PBXNativeTarget "GSOTests" */;
			buildPhases = (
				ADCEDE28197C7687002D6B51 /* Sources */,
				ADCEDE29197C7687002D6B51 /* Frameworks */,
				ADCEDE2A197C7687002D6B51 /* Resources */,
			);
			buildRules = (
			);
			dependencies = (
				ADCEDE32197C7687002D6B51 /* PBXTargetDependency */,
			);
			name = GSOTests;
			productName = GSOTests;
			productReference = ADCEDE2C197C7687002D6B51 /* GSOTests.xctest */;
			productType = "com.apple.product-type.bundle.unit-test";
		};
/* End PBXNativeTarget section */

/* Begin PBXProject section */
		ADCEDE03197C7686002D6B51 /* Project object */ = {
			isa = PBXProject;
			attributes = {
				LastUpgradeCheck = 0510;
				ORGANIZATIONNAME = Joshua;
				TargetAttributes = {
					ADCEDE2B197C7687002D6B51 = {
						TestTargetID = ADCEDE0A197C7687002D6B51;
					};
				};
			};
			buildConfigurationList = ADCEDE06197C7686002D6B51 /* Build configuration list for PBXProject "GSO" */;
			compatibilityVersion = "Xcode 3.2";
			developmentRegion = English;
			hasScannedForEncodings = 0;
			knownRegions = (
				en,
				Base,
			);
			mainGroup = ADCEDE02197C7686002D6B51;
			productRefGroup = ADCEDE0C197C7687002D6B51 /* Products */;
			projectDirPath = "";
			projectRoot = "";
			targets = (
				ADCEDE0A197C7687002D6B51 /* GSO */,
				ADCEDE2B197C7687002D6B51 /* GSOTests */,
			);
		};
/* End PBXProject section */

/* Begin PBXResourcesBuildPhase section */
		ADCEDE09197C7687002D6B51 /* Resources */ = {
			isa = PBXResourcesBuildPhase;
			buildActionMask = 2147483647;
			files = (
				ADCEDE27197C7687002D6B51 /* Images.xcassets in Resources */,
				ADCEDE19197C7687002D6B51 /* InfoPlist.strings in Resources */,
				ADCEDE22197C7687002D6B51 /* Main.storyboard in Resources */,
			);
			runOnlyForDeploymentPostprocessing = 0;
		};
		ADCEDE2A197C7687002D6B51 /* Resources */ = {
			isa = PBXResourcesBuildPhase;
			buildActionMask = 2147483647;
			files = (
				ADCEDE38197C7687002D6B51 /* InfoPlist.strings in Resources */,
			);
			runOnlyForDeploymentPostprocessing = 0;
		};
/* End PBXResourcesBuildPhase section */

/* Begin PBXSourcesBuildPhase section */
		ADCEDE07197C7687002D6B51 /* Sources */ = {
			isa = PBXSourcesBuildPhase;
			buildActionMask = 2147483647;
			files = (
				ADCEDE51197C952C002D6B51 /* ObjectData.m in Sources */,
				ADCEDE25197C7687002D6B51 /* ViewController.m in Sources */,
				ADCEDE45197C78BF002D6B51 /* ViewGlobales.m in Sources */,
				ADCEDE1F197C7687002D6B51 /* AppDelegate.m in Sources */,
				ADCEDE4B197C78FF002D6B51 /* ViewObjectData.m in Sources */,
				ADCEDE48197C78E6002D6B51 /* ViewSingleton.m in Sources */,
				ADCEDE4E197C7A0E002D6B51 /* ctrl_regreso.m in Sources */,
				ADCEDE54197C9742002D6B51 /* Singlenton.m in Sources */,
				ADCEDE1B197C7687002D6B51 /* main.m in Sources */,
			);
			runOnlyForDeploymentPostprocessing = 0;
		};
		ADCEDE28197C7687002D6B51 /* Sources */ = {
			isa = PBXSourcesBuildPhase;
			buildActionMask = 2147483647;
			files = (
				ADCEDE3A197C7687002D6B51 /* GSOTests.m in Sources */,
			);
			runOnlyForDeploymentPostprocessing = 0;
		};
/* End PBXSourcesBuildPhase section */

/* Begin PBXTargetDependency section */
		ADCEDE32197C7687002D6B51 /* PBXTargetDependency */ = {
			isa = PBXTargetDependency;
			target = ADCEDE0A197C7687002D6B51 /* GSO */;
			targetProxy = ADCEDE31197C7687002D6B51 /* PBXContainerItemProxy */;
		};
/* End PBXTargetDependency section */

/* Begin PBXVariantGroup section */
		ADCEDE17197C7687002D6B51 /* InfoPlist.strings */ = {
			isa = PBXVariantGroup;
			children = (
				ADCEDE18197C7687002D6B51 /* en */,
			);
			name = InfoPlist.strings;
			sourceTree = "<group>";
		};
		ADCEDE20197C7687002D6B51 /* Main.storyboard */ = {
			isa = PBXVariantGroup;
			children = (
				ADCEDE21197C7687002D6B51 /* Base */,
			);
			name = Main.storyboard;
			sourceTree = "<group>";
		};
		ADCEDE36197C7687002D6B51 /* InfoPlist.strings */ = {
			isa = PBXVariantGroup;
			children = (
				ADCEDE37197C7687002D6B51 /* en */,
			);
			name = InfoPlist.strings;
			sourceTree = "<group>";
		};
/* End PBXVariantGroup section */

/* Begin XCBuildConfiguration section */
		ADCEDE3B197C7687002D6B51 /* Debug */ = {
			isa = XCBuildConfiguration;
			buildSettings = {
				ALWAYS_SEARCH_USER_PATHS = NO;
				CLANG_CXX_LANGUAGE_STANDARD = "gnu++0x";
				CLANG_CXX_LIBRARY = "libc++";
				CLANG_ENABLE_MODULES = YES;
				CLANG_ENABLE_OBJC_ARC = YES;
				CLANG_WARN_BOOL_CONVERSION = YES;
				CLANG_WARN_CONSTANT_CONVERSION = YES;
				CLANG_WARN_DIRECT_OBJC_ISA_USAGE = YES_ERROR;
				CLANG_WARN_EMPTY_BODY = YES;
				CLANG_WARN_ENUM_CONVERSION = YES;
				CLANG_WARN_INT_CONVERSION = YES;
				CLANG_WARN_OBJC_ROOT_CLASS = YES_ERROR;
				CLANG_WARN__DUPLICATE_METHOD_MATCH = YES;
				"CODE_SIGN_IDENTITY[sdk=iphoneos*]" = "iPhone Developer";
				COPY_PHASE_STRIP = NO;
				GCC_C_LANGUAGE_STANDARD = gnu99;
				GCC_DYNAMIC_NO_PIC = NO;
				GCC_OPTIMIZATION_LEVEL = 0;
				GCC_PREPROCESSOR_DEFINITIONS = (
					"DEBUG=1",
					"$(inherited)",
				);
				GCC_SYMBOLS_PRIVATE_EXTERN = NO;
				GCC_WARN_64_TO_32_BIT_CONVERSION = YES;
				GCC_WARN_ABOUT_RETURN_TYPE = YES_ERROR;
				GCC_WARN_UNDECLARED_SELECTOR = YES;
				GCC_WARN_UNINITIALIZED_AUTOS = YES_AGGRESSIVE;
				GCC_WARN_UNUSED_FUNCTION = YES;
				GCC_WARN_UNUSED_VARIABLE = YES;
				IPHONEOS_DEPLOYMENT_TARGET = 7.1;
				ONLY_ACTIVE_ARCH = YES;
				SDKROOT = iphoneos;
			};
			name = Debug;
		};
		ADCEDE3C197C7687002D6B51 /* Release */ = {
			isa = XCBuildConfiguration;
			buildSettings = {
				ALWAYS_SEARCH_USER_PATHS = NO;
				CLANG_CXX_LANGUAGE_STANDARD = "gnu++0x";
				CLANG_CXX_LIBRARY = "libc++";
				CLANG_ENABLE_MODULES = YES;
				CLANG_ENABLE_OBJC_ARC = YES;
				CLANG_WARN_BOOL_CONVERSION = YES;
				CLANG_WARN_CONSTANT_CONVERSION = YES;
				CLANG_WARN_DIRECT_OBJC_ISA_USAGE = YES_ERROR;
				CLANG_WARN_EMPTY_BODY = YES;
				CLANG_WARN_ENUM_CONVERSION = YES;
				CLANG_WARN_INT_CONVERSION = YES;
				CLANG_WARN_OBJC_ROOT_CLASS = YES_ERROR;
				CLANG_WARN__DUPLICATE_METHOD_MATCH = YES;
				"CODE_SIGN_IDENTITY[sdk=iphoneos*]" = "iPhone Developer";
				COPY_PHASE_STRIP = YES;
				ENABLE_NS_ASSERTIONS = NO;
				GCC_C_LANGUAGE_STANDARD = gnu99;
				GCC_WARN_64_TO_32_BIT_CONVERSION = YES;
				GCC_WARN_ABOUT_RETURN_TYPE = YES_ERROR;
				GCC_WARN_UNDECLARED_SELECTOR = YES;
				GCC_WARN_UNINITIALIZED_AUTOS = YES_AGGRESSIVE;
				GCC_WARN_UNUSED_FUNCTION = YES;
				GCC_WARN_UNUSED_VARIABLE = YES;
				IPHONEOS_DEPLOYMENT_TARGET = 7.1;
				SDKROOT = iphoneos;
				VALIDATE_PRODUCT = YES;
			};
			name = Release;
		};
		ADCEDE3E197C7687002D6B51 /* Debug */ = {
			isa = XCBuildConfiguration;
			buildSettings = {
				ASSETCATALOG_COMPILER_APPICON_NAME = AppIcon;
				ASSETCATALOG_COMPILER_LAUNCHIMAGE_NAME = LaunchImage;
				GCC_PRECOMPILE_PREFIX_HEADER = YES;
				GCC_PREFIX_HEADER = "GSO/GSO-Prefix.pch";
				INFOPLIST_FILE = "GSO/GSO-Info.plist";
				PRODUCT_NAME = "$(TARGET_NAME)";
				WRAPPER_EXTENSION = app;
			};
			name = Debug;
		};
		ADCEDE3F197C7687002D6B51 /* Release */ = {
			isa = XCBuildConfiguration;
			buildSettings = {
				ASSETCATALOG_COMPILER_APPICON_NAME = AppIcon;
				ASSETCATALOG_COMPILER_LAUNCHIMAGE_NAME = LaunchImage;
				GCC_PRECOMPILE_PREFIX_HEADER = YES;
				GCC_PREFIX_HEADER = "GSO/GSO-Prefix.pch";
				INFOPLIST_FILE = "GSO/GSO-Info.plist";
				PRODUCT_NAME = "$(TARGET_NAME)";
				WRAPPER_EXTENSION = app;
			};
			name = Release;
		};
		ADCEDE41197C7687002D6B51 /* Debug */ = {
			isa = XCBuildConfiguration;
			buildSettings = {
				BUNDLE_LOADER = "$(BUILT_PRODUCTS_DIR)/GSO.app/GSO";
				FRAMEWORK_SEARCH_PATHS = (
					"$(SDKROOT)/Developer/Library/Frameworks",
					"$(inherited)",
					"$(DEVELOPER_FRAMEWORKS_DIR)",
				);
				GCC_PRECOMPILE_PREFIX_HEADER = YES;
				GCC_PREFIX_HEADER = "GSO/GSO-Prefix.pch";
				GCC_PREPROCESSOR_DEFINITIONS = (
					"DEBUG=1",
					"$(inherited)",
				);
				INFOPLIST_FILE = "GSOTests/GSOTests-Info.plist";
				PRODUCT_NAME = "$(TARGET_NAME)";
				TEST_HOST = "$(BUNDLE_LOADER)";
				WRAPPER_EXTENSION = xctest;
			};
			name = Debug;
		};
		ADCEDE42197C7687002D6B51 /* Release */ = {
			isa = XCBuildConfiguration;
			buildSettings = {
				BUNDLE_LOADER = "$(BUILT_PRODUCTS_DIR)/GSO.app/GSO";
				FRAMEWORK_SEARCH_PATHS = (
					"$(SDKROOT)/Developer/Library/Frameworks",
					"$(inherited)",
					"$(DEVELOPER_FRAMEWORKS_DIR)",
				);
				GCC_PRECOMPILE_PREFIX_HEADER = YES;
				GCC_PREFIX_HEADER = "GSO/GSO-Prefix.pch";
				INFOPLIST_FILE = "GSOTests/GSOTests-Info.plist";
				PRODUCT_NAME = "$(TARGET_NAME)";
				TEST_HOST = "$(BUNDLE_LOADER)";
				WRAPPER_EXTENSION = xctest;
			};
			name = Release;
		};
/* End XCBuildConfiguration section */

/* Begin XCConfigurationList section */
		ADCEDE06197C7686002D6B51 /* Build configuration list for PBXProject "GSO" */ = {
			isa = XCConfigurationList;
			buildConfigurations = (
				ADCEDE3B197C7687002D6B51 /* Debug */,
				ADCEDE3C197C7687002D6B51 /* Release */,
			);
			defaultConfigurationIsVisible = 0;
			defaultConfigurationName = Release;
		};
		ADCEDE3D197C7687002D6B51 /* Build configuration list for PBXNativeTarget "GSO" */ = {
			isa = XCConfigurationList;
			buildConfigurations = (
				ADCEDE3E197C7687002D6B51 /* Debug */,
				ADCEDE3F197C7687002D6B51 /* Release */,
			);
			defaultConfigurationIsVisible = 0;
		};
		ADCEDE40197C7687002D6B51 /* Build configuration list for PBXNativeTarget "GSOTests" */ = {
			isa = XCConfigurationList;
			buildConfigurations = (
				ADCEDE41197C7687002D6B51 /* Debug */,
				ADCEDE42197C7687002D6B51 /* Release */,
			);
			defaultConfigurationIsVisible = 0;
		};
/* End XCConfigurationList section */
	};
	rootObject = ADCEDE03197C7686002D6B51 /* Project object */;
}
